
Microsoft Visual Studio Solution File, Format Version 12.00
# Visual Studio Version 16
VisualStudioVersion = 16.0.31624.102
MinimumVisualStudioVersion = 10.0.40219.1
Project("{FAE04EC0-301F-11D3-BF4B-00C04F79EFBC}") = "Condicional", "Condicional\Condicional.csproj", "{588FF7D6-56E8-4DDD-B199-8B9F7A47C265}"
EndProject
Global
	GlobalSection(SolutionConfigurationPlatforms) = preSolution
		Debug|Any CPU = Debug|Any CPU
		Release|Any CPU = Release|Any CPU
	EndGlobalSection
	GlobalSection(ProjectConfigurationPlatforms) = postSolution
		{588FF7D6-56E8-4DDD-B199-8B9F7A47C265}.Debug|Any CPU.ActiveCfg = Debug|Any CPU
		{588FF7D6-56E8-4DDD-B199-8B9F7A47C265}.Debug|Any CPU.Build.0 = Debug|Any CPU
		{588FF7D6-56E8-4DDD-B199-8B9F7A47C265}.Release|Any CPU.ActiveCfg = Release|Any CPU
		{588FF7D6-56E8-4DDD-B199-8B9F7A47C265}.Release|Any CPU.Build.0 = Release|Any CPU
	EndGlobalSection
	GlobalSection(SolutionProperties) = preSolution
		HideSolutionNode = FALSE
	EndGlobalSection
	GlobalSection(ExtensibilityGlobals) = postSolution
		SolutionGuid = {141B9940-9A7B-4386-AAA8-E4D79072874D}
	EndGlobalSection
EndGlobal
