
Microsoft Visual Studio Solution File, Format Version 12.00
# Visual Studio Version 16
VisualStudioVersion = 16.0.31624.102
MinimumVisualStudioVersion = 10.0.40219.1
Project("{FAE04EC0-301F-11D3-BF4B-00C04F79EFBC}") = "PruebaTry", "PruebaTry\PruebaTry.csproj", "{2A36E503-ACC1-4585-9F15-56E7E7871829}"
EndProject
Global
	GlobalSection(SolutionConfigurationPlatforms) = preSolution
		Debug|Any CPU = Debug|Any CPU
		Release|Any CPU = Release|Any CPU
	EndGlobalSection
	GlobalSection(ProjectConfigurationPlatforms) = postSolution
		{2A36E503-ACC1-4585-9F15-56E7E7871829}.Debug|Any CPU.ActiveCfg = Debug|Any CPU
		{2A36E503-ACC1-4585-9F15-56E7E7871829}.Debug|Any CPU.Build.0 = Debug|Any CPU
		{2A36E503-ACC1-4585-9F15-56E7E7871829}.Release|Any CPU.ActiveCfg = Release|Any CPU
		{2A36E503-ACC1-4585-9F15-56E7E7871829}.Release|Any CPU.Build.0 = Release|Any CPU
	EndGlobalSection
	GlobalSection(SolutionProperties) = preSolution
		HideSolutionNode = FALSE
	EndGlobalSection
	GlobalSection(ExtensibilityGlobals) = postSolution
		SolutionGuid = {BDD172C0-5D91-4882-8C6A-7064EB3B908A}
	EndGlobalSection
EndGlobal
