
Microsoft Visual Studio Solution File, Format Version 12.00
# Visual Studio Version 16
VisualStudioVersion = 16.0.31624.102
MinimumVisualStudioVersion = 10.0.40219.1
Project("{FAE04EC0-301F-11D3-BF4B-00C04F79EFBC}") = "Operadoes", "Operadoes\Operadoes.csproj", "{2B1532EA-9579-4522-BA9D-80F08CD9B4EB}"
EndProject
Global
	GlobalSection(SolutionConfigurationPlatforms) = preSolution
		Debug|Any CPU = Debug|Any CPU
		Release|Any CPU = Release|Any CPU
	EndGlobalSection
	GlobalSection(ProjectConfigurationPlatforms) = postSolution
		{2B1532EA-9579-4522-BA9D-80F08CD9B4EB}.Debug|Any CPU.ActiveCfg = Debug|Any CPU
		{2B1532EA-9579-4522-BA9D-80F08CD9B4EB}.Debug|Any CPU.Build.0 = Debug|Any CPU
		{2B1532EA-9579-4522-BA9D-80F08CD9B4EB}.Release|Any CPU.ActiveCfg = Release|Any CPU
		{2B1532EA-9579-4522-BA9D-80F08CD9B4EB}.Release|Any CPU.Build.0 = Release|Any CPU
	EndGlobalSection
	GlobalSection(SolutionProperties) = preSolution
		HideSolutionNode = FALSE
	EndGlobalSection
	GlobalSection(ExtensibilityGlobals) = postSolution
		SolutionGuid = {EC7C5431-04CF-4EB7-A475-A587C9F9027D}
	EndGlobalSection
EndGlobal
